# @generated - this file is auto-generated by `mise lock` https://mise.en.dev/dev-tools/mise-lock.html

[[tools."github:jgm/pandoc"]]
version = "3.9.0.2"
backend = "github:jgm/pandoc"

[tools."github:jgm/pandoc"."platforms.linux-arm64"]
checksum = "sha256:b6d21e8f9c3b15744f5a7ab40248019157ed7793875dbe0383d4c82ff572b528"
url = "https://github.com/jgm/pandoc/releases/download/3.9.0.2/pandoc-3.9.0.2-linux-arm64.tar.gz"
url_api = "https://api.github.com/repos/jgm/pandoc/releases/assets/377165670"

[tools."github:jgm/pandoc"."platforms.linux-arm64-musl"]
checksum = "sha256:b6d21e8f9c3b15744f5a7ab40248019157ed7793875dbe0383d4c82ff572b528"
url = "https://github.com/jgm/pandoc/releases/download/3.9.0.2/pandoc-3.9.0.2-linux-arm64.tar.gz"
url_api = "https://api.github.com/repos/jgm/pandoc/releases/assets/377165670"

[tools."github:jgm/pandoc"."platforms.linux-x64"]
checksum = "sha256:a69abfababda8a56969a254b09f9553a7be89ddec00d4e0fe9fd585d71a67508"
url = "https://github.com/jgm/pandoc/releases/download/3.9.0.2/pandoc-3.9.0.2-linux-amd64.tar.gz"
url_api = "https://api.github.com/repos/jgm/pandoc/releases/assets/377165366"

[tools."github:jgm/pandoc"."platforms.linux-x64-musl"]
checksum = "sha256:a69abfababda8a56969a254b09f9553a7be89ddec00d4e0fe9fd585d71a67508"
url = "https://github.com/jgm/pandoc/releases/download/3.9.0.2/pandoc-3.9.0.2-linux-amd64.tar.gz"
url_api = "https://api.github.com/repos/jgm/pandoc/releases/assets/377165366"

[tools."github:jgm/pandoc"."platforms.macos-arm64"]
checksum = "sha256:6e9eca844076bcbb599bbeebbba78a70f93b5307782b85c2c272872812c88875"
url = "https://github.com/jgm/pandoc/releases/download/3.9.0.2/pandoc-3.9.0.2-arm64-macOS.zip"
url_api = "https://api.github.com/repos/jgm/pandoc/releases/assets/377165034"

[tools."github:jgm/pandoc"."platforms.macos-x64"]
checksum = "sha256:b9fbceabccbc8f34ac021a50483fc32f8160568d0b4b2c22d81bb29e3054fd82"
url = "https://github.com/jgm/pandoc/releases/download/3.9.0.2/pandoc-3.9.0.2-x86_64-macOS.zip"
url_api = "https://api.github.com/repos/jgm/pandoc/releases/assets/377167038"

[tools."github:jgm/pandoc"."platforms.windows-x64"]
checksum = "sha256:c97542f2800f446e788d9f74237856d995421ad1bb3cc8324286840c5f272d3a"
url = "https://github.com/jgm/pandoc/releases/download/3.9.0.2/pandoc-3.9.0.2-windows-x86_64.zip"
url_api = "https://api.github.com/repos/jgm/pandoc/releases/assets/377166311"

[[tools.rust]]
version = "1.95.0"
backend = "core:rust"

[[tools.typst]]
version = "0.14.2"
backend = "aqua:typst/typst"

[tools.typst."platforms.linux-arm64"]
checksum = "sha256:491b101aa40a3a7ea82a3f8a6232cabb4e6a7e233810082e5ac812d43fdcd47a"
url = "https://github.com/typst/typst/releases/download/v0.14.2/typst-aarch64-unknown-linux-musl.tar.xz"

[tools.typst."platforms.linux-arm64-musl"]
checksum = "sha256:491b101aa40a3a7ea82a3f8a6232cabb4e6a7e233810082e5ac812d43fdcd47a"
url = "https://github.com/typst/typst/releases/download/v0.14.2/typst-aarch64-unknown-linux-musl.tar.xz"

[tools.typst."platforms.linux-x64"]
checksum = "sha256:a6044cbad2a954deb921167e257e120ac0a16b20339ec01121194ff9d394996d"
url = "https://github.com/typst/typst/releases/download/v0.14.2/typst-x86_64-unknown-linux-musl.tar.xz"

[tools.typst."platforms.linux-x64-musl"]
checksum = "sha256:a6044cbad2a954deb921167e257e120ac0a16b20339ec01121194ff9d394996d"
url = "https://github.com/typst/typst/releases/download/v0.14.2/typst-x86_64-unknown-linux-musl.tar.xz"

[tools.typst."platforms.macos-arm64"]
checksum = "sha256:470aa49a2298d20b65c119a10e4ff8808550453e0cb4d85625b89caf0cedf048"
url = "https://github.com/typst/typst/releases/download/v0.14.2/typst-aarch64-apple-darwin.tar.xz"

[tools.typst."platforms.macos-x64"]
checksum = "sha256:4e91d8e1e33ab164f949c5762e01ee3faa585c8615a2a6bd5e3677fa8506b249"
url = "https://github.com/typst/typst/releases/download/v0.14.2/typst-x86_64-apple-darwin.tar.xz"

[tools.typst."platforms.windows-x64"]
checksum = "sha256:51353994ac83218c3497052e89b2c432c53b9d4439cdc1b361e2ea4798ebfc13"
url = "https://github.com/typst/typst/releases/download/v0.14.2/typst-x86_64-pc-windows-msvc.zip"

[[tools.uv]]
version = "0.11.7"
backend = "aqua:astral-sh/uv"

[tools.uv."platforms.linux-arm64"]
checksum = "sha256:46647dc16cbb7d6700f762fdd7a67d220abe18570914732bc310adc91308d272"
url = "https://github.com/astral-sh/uv/releases/download/0.11.7/uv-aarch64-unknown-linux-musl.tar.gz"
provenance = "github-attestations"

[tools.uv."platforms.linux-arm64-musl"]
checksum = "sha256:46647dc16cbb7d6700f762fdd7a67d220abe18570914732bc310adc91308d272"
url = "https://github.com/astral-sh/uv/releases/download/0.11.7/uv-aarch64-unknown-linux-musl.tar.gz"
provenance = "github-attestations"

[tools.uv."platforms.linux-x64"]
checksum = "sha256:64ddb5f1087649e3f75aa50d139aa4f36ddde728a5295a141e0fa9697bfb7b0f"
url = "https://github.com/astral-sh/uv/releases/download/0.11.7/uv-x86_64-unknown-linux-musl.tar.gz"
provenance = "github-attestations"

[tools.uv."platforms.linux-x64-musl"]
checksum = "sha256:64ddb5f1087649e3f75aa50d139aa4f36ddde728a5295a141e0fa9697bfb7b0f"
url = "https://github.com/astral-sh/uv/releases/download/0.11.7/uv-x86_64-unknown-linux-musl.tar.gz"
provenance = "github-attestations"

[tools.uv."platforms.macos-arm64"]
checksum = "sha256:66e37d91f839e12481d7b932a1eccbfe732560f42c1cfb89faddfa2454534ba8"
url = "https://github.com/astral-sh/uv/releases/download/0.11.7/uv-aarch64-apple-darwin.tar.gz"
provenance = "github-attestations"

[tools.uv."platforms.macos-x64"]
checksum = "sha256:0a4bc8fcde4974ea3560be21772aeecab600a6f43fa6e58169f9fa7b3b71d302"
url = "https://github.com/astral-sh/uv/releases/download/0.11.7/uv-x86_64-apple-darwin.tar.gz"
provenance = "github-attestations"

[tools.uv."platforms.windows-x64"]
checksum = "sha256:fe0c7815acf4fc45f8a5eff58ed3cf7ae2e15c3cf1dceadbd10c816ec1690cc1"
url = "https://github.com/astral-sh/uv/releases/download/0.11.7/uv-x86_64-pc-windows-msvc.zip"
provenance = "github-attestations"
