# @generated - this file is auto-generated by `mise lock` https://mise.en.dev/dev-tools/mise-lock.html

[[tools."github:jgm/pandoc"]]
version = "3.11"
backend = "github:jgm/pandoc"

[tools."github:jgm/pandoc"."platforms.linux-arm64"]
checksum = "sha256:56ed5566ec41d22ec9ee0704e6ac0b98ba102e92384efd5306173a22d314c79a"
url = "https://github.com/jgm/pandoc/releases/download/3.11/pandoc-3.11-linux-arm64.tar.gz"
url_api = "https://api.github.com/repos/jgm/pandoc/releases/assets/534533345"
provenance = "github-attestations"

[tools."github:jgm/pandoc"."platforms.linux-arm64-musl"]
checksum = "sha256:56ed5566ec41d22ec9ee0704e6ac0b98ba102e92384efd5306173a22d314c79a"
url = "https://github.com/jgm/pandoc/releases/download/3.11/pandoc-3.11-linux-arm64.tar.gz"
url_api = "https://api.github.com/repos/jgm/pandoc/releases/assets/534533345"
provenance = "github-attestations"

[tools."github:jgm/pandoc"."platforms.linux-x64"]
checksum = "sha256:37edb3bbcf722f921a009941bf5874e2e0c09263226c9b4a2d980788cb062ab6"
url = "https://github.com/jgm/pandoc/releases/download/3.11/pandoc-3.11-linux-amd64.tar.gz"
url_api = "https://api.github.com/repos/jgm/pandoc/releases/assets/534533278"
provenance = "github-attestations"

[tools."github:jgm/pandoc"."platforms.linux-x64-musl"]
checksum = "sha256:37edb3bbcf722f921a009941bf5874e2e0c09263226c9b4a2d980788cb062ab6"
url = "https://github.com/jgm/pandoc/releases/download/3.11/pandoc-3.11-linux-amd64.tar.gz"
url_api = "https://api.github.com/repos/jgm/pandoc/releases/assets/534533278"
provenance = "github-attestations"

[tools."github:jgm/pandoc"."platforms.macos-arm64"]
checksum = "sha256:15806bedf9517bfead72e88fe6a6696635c3691efbb6e152173440e9c5bb50b4"
url = "https://github.com/jgm/pandoc/releases/download/3.11/pandoc-3.11-arm64-macOS.zip"
url_api = "https://api.github.com/repos/jgm/pandoc/releases/assets/534533197"
provenance = "github-attestations"

[tools."github:jgm/pandoc"."platforms.macos-x64"]
checksum = "sha256:3b1c1b57f160112c821d02f23d946ede8b7f57a6ccf4632a25a512d334a9291f"
url = "https://github.com/jgm/pandoc/releases/download/3.11/pandoc-3.11-x86_64-macOS.zip"
url_api = "https://api.github.com/repos/jgm/pandoc/releases/assets/534533757"
provenance = "github-attestations"

[tools."github:jgm/pandoc"."platforms.windows-x64"]
checksum = "sha256:2ab72baf2399450e148ddf7a2a8689806c42e1bba71862b57e220fd9b8456d3d"
url = "https://github.com/jgm/pandoc/releases/download/3.11/pandoc-3.11-windows-x86_64.zip"
url_api = "https://api.github.com/repos/jgm/pandoc/releases/assets/534533568"
provenance = "github-attestations"

[[tools.rust]]
version = "1.98.1"
backend = "core:rust"

[[tools.typst]]
version = "0.15.1"
backend = "aqua:typst/typst"

[tools.typst."platforms.linux-arm64"]
checksum = "sha256:5aa8d74a3d906e60ea12a66ac2f37f8eef1b14cbad7182a745e393a10c23dcee"
url = "https://github.com/typst/typst/releases/download/v0.15.1/typst-aarch64-unknown-linux-musl.tar.xz"
url_api = "https://api.github.com/repos/typst/typst/releases/assets/480300408"

[tools.typst."platforms.linux-arm64-musl"]
checksum = "sha256:5aa8d74a3d906e60ea12a66ac2f37f8eef1b14cbad7182a745e393a10c23dcee"
url = "https://github.com/typst/typst/releases/download/v0.15.1/typst-aarch64-unknown-linux-musl.tar.xz"
url_api = "https://api.github.com/repos/typst/typst/releases/assets/480300408"

[tools.typst."platforms.linux-x64"]
checksum = "sha256:a6d077d0a95eed5a2eba715b2dae06be954f624ccbf85758a03f389ded33118c"
url = "https://github.com/typst/typst/releases/download/v0.15.1/typst-x86_64-unknown-linux-musl.tar.xz"
url_api = "https://api.github.com/repos/typst/typst/releases/assets/480300761"

[tools.typst."platforms.linux-x64-musl"]
checksum = "sha256:a6d077d0a95eed5a2eba715b2dae06be954f624ccbf85758a03f389ded33118c"
url = "https://github.com/typst/typst/releases/download/v0.15.1/typst-x86_64-unknown-linux-musl.tar.xz"
url_api = "https://api.github.com/repos/typst/typst/releases/assets/480300761"

[tools.typst."platforms.macos-arm64"]
checksum = "sha256:48f62ed034aa3a7978309579ac6ca00045e2ef0da73114e8af27cfd8e74dc05a"
url = "https://github.com/typst/typst/releases/download/v0.15.1/typst-aarch64-apple-darwin.tar.xz"
url_api = "https://api.github.com/repos/typst/typst/releases/assets/480299147"

[tools.typst."platforms.macos-x64"]
checksum = "sha256:7f9fdd9584866245de9a79e0add8f9236fae6f40a8a45e2c4771ccc14db4e0fa"
url = "https://github.com/typst/typst/releases/download/v0.15.1/typst-x86_64-apple-darwin.tar.xz"
url_api = "https://api.github.com/repos/typst/typst/releases/assets/480300018"

[tools.typst."platforms.windows-x64"]
checksum = "sha256:19ce3551153c2fe7ee9fa2f95208310c8f4d3209fedb699e0333faf8913f6736"
url = "https://github.com/typst/typst/releases/download/v0.15.1/typst-x86_64-pc-windows-msvc.zip"
url_api = "https://api.github.com/repos/typst/typst/releases/assets/480303335"

[[tools.uv]]
version = "0.12.15"
backend = "aqua:astral-sh/uv"

[tools.uv."platforms.linux-arm64"]
checksum = "sha256:0e9a3499b0587d449c9ff684c0160da607826e4af1cee220bc87f378702d3e08"
url = "https://github.com/astral-sh/uv/releases/download/0.12.15/uv-aarch64-unknown-linux-gnu.tar.gz"
url_api = "https://api.github.com/repos/astral-sh/uv/releases/assets/565630758"
provenance = "github-attestations"

[tools.uv."platforms.linux-arm64-musl"]
checksum = "sha256:93b801abb146e6431fb0434346a0162e65d3f0d1cd7360144d04c43488fd7f7d"
url = "https://github.com/astral-sh/uv/releases/download/0.12.15/uv-aarch64-unknown-linux-musl.tar.gz"
url_api = "https://api.github.com/repos/astral-sh/uv/releases/assets/565630769"
provenance = "github-attestations"

[tools.uv."platforms.linux-x64"]
checksum = "sha256:f97935763c04be3e692460a7aaeaaab8fc3b78fcf8b389da820b38ae7423a638"
url = "https://github.com/astral-sh/uv/releases/download/0.12.15/uv-x86_64-unknown-linux-gnu.tar.gz"
url_api = "https://api.github.com/repos/astral-sh/uv/releases/assets/565630898"
provenance = "github-attestations"

[tools.uv."platforms.linux-x64-musl"]
checksum = "sha256:999c0c3da986953e508985c3932d283d2c62eb167b4f8d81e79f565e34104959"
url = "https://github.com/astral-sh/uv/releases/download/0.12.15/uv-x86_64-unknown-linux-musl.tar.gz"
url_api = "https://api.github.com/repos/astral-sh/uv/releases/assets/565630904"
provenance = "github-attestations"

[tools.uv."platforms.macos-arm64"]
checksum = "sha256:dc304b9ed1b24174572290fba60ac3f6fe63c73a671f0439e62a91375841964d"
url = "https://github.com/astral-sh/uv/releases/download/0.12.15/uv-aarch64-apple-darwin.tar.gz"
url_api = "https://api.github.com/repos/astral-sh/uv/releases/assets/565630750"
provenance = "github-attestations"

[tools.uv."platforms.macos-x64"]
checksum = "sha256:e9ca61775532368fe518ab03e7a354c7ecab8ccb3c7d941c775fcc4a362b801b"
url = "https://github.com/astral-sh/uv/releases/download/0.12.15/uv-x86_64-apple-darwin.tar.gz"
url_api = "https://api.github.com/repos/astral-sh/uv/releases/assets/565630871"
provenance = "github-attestations"

[tools.uv."platforms.windows-x64"]
checksum = "sha256:477bd99a84e34891f2bd4c9152ddeb74e971accccbc59c0f0301f11f08a32d46"
url = "https://github.com/astral-sh/uv/releases/download/0.12.15/uv-x86_64-pc-windows-msvc.zip"
url_api = "https://api.github.com/repos/astral-sh/uv/releases/assets/565630896"
provenance = "github-attestations"
